
Microsoft Visual Studio Solution File, Format Version 12.00
# Visual Studio Version 16
VisualStudioVersion = 16.0.31911.196
MinimumVisualStudioVersion = 10.0.40219.1
Project("{9A19103F-16F7-4668-BE54-9A1E7A4F7556}") = "YZAERU_SG1_21_22_2.Program", "YZAERU_SG1_21_22_2\YZAERU_SG1_21_22_2.Program.csproj", "{DCF960EF-9EC7-4E3D-9CEA-2E7135C888EC}"
EndProject
Project("{2150E333-8FDC-42A3-9474-1A3956D46DE8}") = "Backend", "Backend", "{FEAE386E-EEF4-4BF0-91CE-6C1025CF1349}"
EndProject
Project("{2150E333-8FDC-42A3-9474-1A3956D46DE8}") = "Frontend", "Frontend", "{5194968A-A0C8-462C-BE08-AD496B91FD7E}"
EndProject
Project("{2150E333-8FDC-42A3-9474-1A3956D46DE8}") = "Shared", "Shared", "{987296D0-3529-4EBF-8467-4BAF982B636E}"
EndProject
Project("{9A19103F-16F7-4668-BE54-9A1E7A4F7556}") = "YZAERU_SG1_21_22_2.Endpoint", "YZAERU_SG1_21_22_2.Endpoint\YZAERU_SG1_21_22_2.Endpoint.csproj", "{D34B2709-BA38-45AB-BB44-A0A5460CB887}"
EndProject
Project("{9A19103F-16F7-4668-BE54-9A1E7A4F7556}") = "YZAERU_SG1_21_22_2.Logic", "YZAERU_SG1_21_22_2.Logic\YZAERU_SG1_21_22_2.Logic.csproj", "{C553444B-DF5C-4414-A820-987E56F94D67}"
EndProject
Project("{9A19103F-16F7-4668-BE54-9A1E7A4F7556}") = "YZAERU_SG1_21_22_2.Repository", "YZAERU_SG1_21_22_2.Repository\YZAERU_SG1_21_22_2.Repository.csproj", "{55E9A37A-A521-45EF-91C6-3DD359C0B963}"
EndProject
Project("{9A19103F-16F7-4668-BE54-9A1E7A4F7556}") = "YZAERU_SG1_21_22_2.Models", "YZAERU_SG1_21_22_2.Models\YZAERU_SG1_21_22_2.Models.csproj", "{D61E5922-963A-4752-82F6-C15E6D7C0F74}"
EndProject
Project("{9A19103F-16F7-4668-BE54-9A1E7A4F7556}") = "YZAERU_SG1_21_22_2.Test", "YZAERU_SG1_21_22_2.Test\YZAERU_SG1_21_22_2.Test.csproj", "{5A084D93-0B97-40EA-A479-6B3823FBD8C2}"
EndProject
Project("{9A19103F-16F7-4668-BE54-9A1E7A4F7556}") = "YZAERU_SG1_21_22_2.Data", "YZAERU_SG1_21_22_2.Data\YZAERU_SG1_21_22_2.Data.csproj", "{0B7F70A8-546F-4420-BCF7-F4EBAA19FF51}"
EndProject
Project("{9A19103F-16F7-4668-BE54-9A1E7A4F7556}") = "YZAERU_SG1_21_22_2.Client", "YZAERU_SG1_21_22_2.Client\YZAERU_SG1_21_22_2.Client.csproj", "{90F170AD-E422-4CA0-BC92-BFC5817659E6}"
EndProject
Project("{9A19103F-16F7-4668-BE54-9A1E7A4F7556}") = "YZAERU_SG1_21_22_2.WpfClient", "YZAERU_SG1_21_22_2.WpfClient\YZAERU_SG1_21_22_2.WpfClient.csproj", "{E729BBB0-F8E7-4703-88EA-661010DC1746}"
EndProject
Project("{FAE04EC0-301F-11D3-BF4B-00C04F79EFBC}") = "YZAERU_SG1_21_22_2.Web", "YZAERU_SG1_21_22_2.Web\YZAERU_SG1_21_22_2.Web.csproj", "{72E382F4-D628-4357-8078-35FDFFB75328}"
EndProject
Global
	GlobalSection(SolutionConfigurationPlatforms) = preSolution
		Debug|Any CPU = Debug|Any CPU
		Release|Any CPU = Release|Any CPU
	EndGlobalSection
	GlobalSection(ProjectConfigurationPlatforms) = postSolution
		{DCF960EF-9EC7-4E3D-9CEA-2E7135C888EC}.Debug|Any CPU.ActiveCfg = Debug|Any CPU
		{DCF960EF-9EC7-4E3D-9CEA-2E7135C888EC}.Debug|Any CPU.Build.0 = Debug|Any CPU
		{DCF960EF-9EC7-4E3D-9CEA-2E7135C888EC}.Release|Any CPU.ActiveCfg = Release|Any CPU
		{DCF960EF-9EC7-4E3D-9CEA-2E7135C888EC}.Release|Any CPU.Build.0 = Release|Any CPU
		{D34B2709-BA38-45AB-BB44-A0A5460CB887}.Debug|Any CPU.ActiveCfg = Debug|Any CPU
		{D34B2709-BA38-45AB-BB44-A0A5460CB887}.Debug|Any CPU.Build.0 = Debug|Any CPU
		{D34B2709-BA38-45AB-BB44-A0A5460CB887}.Release|Any CPU.ActiveCfg = Release|Any CPU
		{D34B2709-BA38-45AB-BB44-A0A5460CB887}.Release|Any CPU.Build.0 = Release|Any CPU
		{C553444B-DF5C-4414-A820-987E56F94D67}.Debug|Any CPU.ActiveCfg = Debug|Any CPU
		{C553444B-DF5C-4414-A820-987E56F94D67}.Debug|Any CPU.Build.0 = Debug|Any CPU
		{C553444B-DF5C-4414-A820-987E56F94D67}.Release|Any CPU.ActiveCfg = Release|Any CPU
		{C553444B-DF5C-4414-A820-987E56F94D67}.Release|Any CPU.Build.0 = Release|Any CPU
		{55E9A37A-A521-45EF-91C6-3DD359C0B963}.Debug|Any CPU.ActiveCfg = Debug|Any CPU
		{55E9A37A-A521-45EF-91C6-3DD359C0B963}.Debug|Any CPU.Build.0 = Debug|Any CPU
		{55E9A37A-A521-45EF-91C6-3DD359C0B963}.Release|Any CPU.ActiveCfg = Release|Any CPU
		{55E9A37A-A521-45EF-91C6-3DD359C0B963}.Release|Any CPU.Build.0 = Release|Any CPU
		{D61E5922-963A-4752-82F6-C15E6D7C0F74}.Debug|Any CPU.ActiveCfg = Debug|Any CPU
		{D61E5922-963A-4752-82F6-C15E6D7C0F74}.Debug|Any CPU.Build.0 = Debug|Any CPU
		{D61E5922-963A-4752-82F6-C15E6D7C0F74}.Release|Any CPU.ActiveCfg = Release|Any CPU
		{D61E5922-963A-4752-82F6-C15E6D7C0F74}.Release|Any CPU.Build.0 = Release|Any CPU
		{5A084D93-0B97-40EA-A479-6B3823FBD8C2}.Debug|Any CPU.ActiveCfg = Debug|Any CPU
		{5A084D93-0B97-40EA-A479-6B3823FBD8C2}.Debug|Any CPU.Build.0 = Debug|Any CPU
		{5A084D93-0B97-40EA-A479-6B3823FBD8C2}.Release|Any CPU.ActiveCfg = Release|Any CPU
		{5A084D93-0B97-40EA-A479-6B3823FBD8C2}.Release|Any CPU.Build.0 = Release|Any CPU
		{0B7F70A8-546F-4420-BCF7-F4EBAA19FF51}.Debug|Any CPU.ActiveCfg = Debug|Any CPU
		{0B7F70A8-546F-4420-BCF7-F4EBAA19FF51}.Debug|Any CPU.Build.0 = Debug|Any CPU
		{0B7F70A8-546F-4420-BCF7-F4EBAA19FF51}.Release|Any CPU.ActiveCfg = Release|Any CPU
		{0B7F70A8-546F-4420-BCF7-F4EBAA19FF51}.Release|Any CPU.Build.0 = Release|Any CPU
		{90F170AD-E422-4CA0-BC92-BFC5817659E6}.Debug|Any CPU.ActiveCfg = Debug|Any CPU
		{90F170AD-E422-4CA0-BC92-BFC5817659E6}.Debug|Any CPU.Build.0 = Debug|Any CPU
		{90F170AD-E422-4CA0-BC92-BFC5817659E6}.Release|Any CPU.ActiveCfg = Release|Any CPU
		{90F170AD-E422-4CA0-BC92-BFC5817659E6}.Release|Any CPU.Build.0 = Release|Any CPU
		{E729BBB0-F8E7-4703-88EA-661010DC1746}.Debug|Any CPU.ActiveCfg = Debug|Any CPU
		{E729BBB0-F8E7-4703-88EA-661010DC1746}.Debug|Any CPU.Build.0 = Debug|Any CPU
		{E729BBB0-F8E7-4703-88EA-661010DC1746}.Release|Any CPU.ActiveCfg = Release|Any CPU
		{E729BBB0-F8E7-4703-88EA-661010DC1746}.Release|Any CPU.Build.0 = Release|Any CPU
		{72E382F4-D628-4357-8078-35FDFFB75328}.Debug|Any CPU.ActiveCfg = Debug|Any CPU
		{72E382F4-D628-4357-8078-35FDFFB75328}.Debug|Any CPU.Build.0 = Debug|Any CPU
		{72E382F4-D628-4357-8078-35FDFFB75328}.Release|Any CPU.ActiveCfg = Release|Any CPU
		{72E382F4-D628-4357-8078-35FDFFB75328}.Release|Any CPU.Build.0 = Release|Any CPU
	EndGlobalSection
	GlobalSection(SolutionProperties) = preSolution
		HideSolutionNode = FALSE
	EndGlobalSection
	GlobalSection(NestedProjects) = preSolution
		{DCF960EF-9EC7-4E3D-9CEA-2E7135C888EC} = {FEAE386E-EEF4-4BF0-91CE-6C1025CF1349}
		{D34B2709-BA38-45AB-BB44-A0A5460CB887} = {FEAE386E-EEF4-4BF0-91CE-6C1025CF1349}
		{C553444B-DF5C-4414-A820-987E56F94D67} = {FEAE386E-EEF4-4BF0-91CE-6C1025CF1349}
		{55E9A37A-A521-45EF-91C6-3DD359C0B963} = {FEAE386E-EEF4-4BF0-91CE-6C1025CF1349}
		{D61E5922-963A-4752-82F6-C15E6D7C0F74} = {987296D0-3529-4EBF-8467-4BAF982B636E}
		{5A084D93-0B97-40EA-A479-6B3823FBD8C2} = {FEAE386E-EEF4-4BF0-91CE-6C1025CF1349}
		{0B7F70A8-546F-4420-BCF7-F4EBAA19FF51} = {FEAE386E-EEF4-4BF0-91CE-6C1025CF1349}
		{90F170AD-E422-4CA0-BC92-BFC5817659E6} = {5194968A-A0C8-462C-BE08-AD496B91FD7E}
		{E729BBB0-F8E7-4703-88EA-661010DC1746} = {5194968A-A0C8-462C-BE08-AD496B91FD7E}
		{72E382F4-D628-4357-8078-35FDFFB75328} = {5194968A-A0C8-462C-BE08-AD496B91FD7E}
	EndGlobalSection
	GlobalSection(ExtensibilityGlobals) = postSolution
		SolutionGuid = {00298DA8-96F6-43C0-8605-82E49AD7BD20}
	EndGlobalSection
EndGlobal
